PODS:
  - MUHook (1.5.0):
    - MUHook/Base (= 1.5.0)
    - MUHook/ObjC (= 1.5.0)
    - MUHook/Symbol (= 1.5.0)
  - MUHook/Base (1.5.0)
  - MUHook/ObjC (1.5.0):
    - MUHook/Base
  - MUHook/Symbol (1.5.0):
    - MUHook/Base

DEPENDENCIES:
  - MUHook (from `../`)

EXTERNAL SOURCES:
  MUHook:
    :path: "../"

SPEC CHECKSUMS:
  MUHook: f4317dc5420eb97076cb413bb06660fb84931977

PODFILE CHECKSUM: 7aa08e8cfecd6fc1a2c883b52d5605934cd3b011

COCOAPODS: 1.5.3
