PODS:
  - MUHook (1.6.0):
    - MUHook/Base (= 1.6.0)
    - MUHook/ObjC (= 1.6.0)
    - MUHook/Symbol (= 1.6.0)
  - MUHook/Base (1.6.0)
  - MUHook/ObjC (1.6.0):
    - MUHook/Base
  - MUHook/Symbol (1.6.0):
    - MUHook/Base

DEPENDENCIES:
  - MUHook (from `../`)

EXTERNAL SOURCES:
  MUHook:
    :path: "../"

SPEC CHECKSUMS:
  MUHook: b28bae464a0b24952f922283138a84337cb6be0e

PODFILE CHECKSUM: 7aa08e8cfecd6fc1a2c883b52d5605934cd3b011

COCOAPODS: 1.5.3
